
Microsoft Visual Studio Solution File, Format Version 12.00
Project("{FAE04EC0-301F-11D3-BF4B-00C04F79EFBC}") = "MklinkGUI", "MklinkGUI\MklinkGUI.csproj", "{044601E4-6814-4BBE-8DEE-4182FAD088ED}"
EndProject
Global
	GlobalSection(SolutionConfigurationPlatforms) = preSolution
		Debug|Any CPU = Debug|Any CPU
		Release|Any CPU = Release|Any CPU
	EndGlobalSection
	GlobalSection(ProjectConfigurationPlatforms) = postSolution
		{044601E4-6814-4BBE-8DEE-4182FAD088ED}.Debug|Any CPU.ActiveCfg = Debug|Any CPU
		{044601E4-6814-4BBE-8DEE-4182FAD088ED}.Debug|Any CPU.Build.0 = Debug|Any CPU
		{044601E4-6814-4BBE-8DEE-4182FAD088ED}.Release|Any CPU.ActiveCfg = Release|Any CPU
		{044601E4-6814-4BBE-8DEE-4182FAD088ED}.Release|Any CPU.Build.0 = Release|Any CPU
	EndGlobalSection
EndGlobal
